
Microsoft Visual Studio Solution File, Format Version 12.00
# Visual Studio Version 16
VisualStudioVersion = 16.0.29613.14
MinimumVisualStudioVersion = 10.0.40219.1
Project("{9A19103F-16F7-4668-BE54-9A1E7A4F7556}") = "Lpb.Identityserver", "Lpb.Identityserver\Lpb.Identityserver.csproj", "{2FA54AF6-77C7-4FDE-9BD1-0E8A25E7C396}"
EndProject
Project("{9A19103F-16F7-4668-BE54-9A1E7A4F7556}") = "Lpb.Gateway", "Lpb.Gateway\Lpb.Gateway.csproj", "{4D3E201B-FF6E-42F1-BAA4-5F5AB480EF9A}"
EndProject
Project("{2150E333-8FDC-42A3-9474-1A3956D46DE8}") = "Lpb.Gateway5000", "Lpb.Gateway5000", "{DA524B23-253E-4D17-BF51-B51604BFA39B}"
EndProject
Project("{2150E333-8FDC-42A3-9474-1A3956D46DE8}") = "Lpb.Identityserver5003", "Lpb.Identityserver5003", "{928835A4-1FE9-4246-A81A-37569AA9CE40}"
EndProject
Project("{2150E333-8FDC-42A3-9474-1A3956D46DE8}") = "Lpb.Service5001", "Lpb.Service5001", "{D362C5F4-1AF5-460C-B975-8D3B157D01E1}"
EndProject
Project("{2150E333-8FDC-42A3-9474-1A3956D46DE8}") = "Lpb.Service5002", "Lpb.Service5002", "{CA6448B9-CF24-4BDF-A3B2-5661BCB969F6}"
EndProject
Project("{2150E333-8FDC-42A3-9474-1A3956D46DE8}") = "Lpb.UserCenter5004", "Lpb.UserCenter5004", "{EC1FAB6A-49C5-4E96-9FBE-1DD5346E4F53}"
EndProject
Project("{2150E333-8FDC-42A3-9474-1A3956D46DE8}") = "Lpb.Framework", "Lpb.Framework", "{DA076EB3-9D8F-4A88-91D6-F27FDD026804}"
EndProject
Project("{9A19103F-16F7-4668-BE54-9A1E7A4F7556}") = "PollyHttpClient", "Lpb.Framework\PollyHttpClient\PollyHttpClient.csproj", "{5AC0B973-D128-47DD-925C-EBD96FA0CBDB}"
EndProject
Project("{9A19103F-16F7-4668-BE54-9A1E7A4F7556}") = "ServiceDiscovery", "Lpb.Framework\ServiceDiscovery\ServiceDiscovery.csproj", "{AA5FC528-8591-499B-8353-20CBAE6B2C23}"
EndProject
Project("{9A19103F-16F7-4668-BE54-9A1E7A4F7556}") = "Lpb.Service1.EntityFrameworkCore", "Lpb.Service1\Lpb.Service1.EntityFrameworkCore\Lpb.Service1.EntityFrameworkCore.csproj", "{5753876D-A657-4764-8F85-6AB9DC8CFD58}"
EndProject
Project("{9A19103F-16F7-4668-BE54-9A1E7A4F7556}") = "Lpb.Service1.Core", "Lpb.Service1\Lpb.Service1.Core\Lpb.Service1.Core.csproj", "{82013C79-4D30-4469-9FD1-6792DC652340}"
EndProject
Project("{9A19103F-16F7-4668-BE54-9A1E7A4F7556}") = "Lpb.Service1.Application", "Lpb.Service1\Lpb.Service1.Application\Lpb.Service1.Application.csproj", "{0868CFFE-371A-48B1-B7D0-680B7C318D54}"
EndProject
Project("{9A19103F-16F7-4668-BE54-9A1E7A4F7556}") = "Lpb.Service1.Web", "Lpb.Service1\Lpb.Service1.Web\Lpb.Service1.Web.csproj", "{94C75579-7331-4D84-BF6D-600BBCBC0D66}"
EndProject
Project("{9A19103F-16F7-4668-BE54-9A1E7A4F7556}") = "Lpb.Service2.EntityFrameworkCore", "Lpb.Service2\Lpb.Service2.EntityFrameworkCore\Lpb.Service2.EntityFrameworkCore.csproj", "{859695BC-DE7D-486F-BAC5-350925F45768}"
EndProject
Project("{9A19103F-16F7-4668-BE54-9A1E7A4F7556}") = "Lpb.Service2.Core", "Lpb.Service2\Lpb.Service2.Core\Lpb.Service2.Core.csproj", "{4E4508F7-9D26-4957-BA38-18291C265952}"
EndProject
Project("{9A19103F-16F7-4668-BE54-9A1E7A4F7556}") = "Lpb.Service2.Application", "Lpb.Service2\Lpb.Service2.Application\Lpb.Service2.Application.csproj", "{BF54E725-4786-4251-BD57-CE9CEFC05E03}"
EndProject
Project("{9A19103F-16F7-4668-BE54-9A1E7A4F7556}") = "Lpb.Service2.Web", "Lpb.Service2\Lpb.Service2.Web\Lpb.Service2.Web.csproj", "{39D5F963-E7E9-4B22-BC06-5EE390B3493A}"
EndProject
Project("{9A19103F-16F7-4668-BE54-9A1E7A4F7556}") = "Lpb.UserCenter.Web", "Lpb.UserCenter\Lpb.UserCenter.Web\Lpb.UserCenter.Web.csproj", "{882D6C37-BAB1-4DEC-BEFA-CABF33020858}"
EndProject
Project("{9A19103F-16F7-4668-BE54-9A1E7A4F7556}") = "Lpb.UserCenter.EntityFrameworkCore", "Lpb.UserCenter\Lpb.UserCenter.EntityFrameworkCore\Lpb.UserCenter.EntityFrameworkCore.csproj", "{99767593-4689-4F84-9222-247D56EA3F11}"
EndProject
Project("{9A19103F-16F7-4668-BE54-9A1E7A4F7556}") = "Lpb.UserCenter.Core", "Lpb.UserCenter\Lpb.UserCenter.Core\Lpb.UserCenter.Core.csproj", "{5003D988-3CE8-4B93-A754-F8139ADCA576}"
EndProject
Project("{9A19103F-16F7-4668-BE54-9A1E7A4F7556}") = "Lpb.UserCenter.Application", "Lpb.UserCenter\Lpb.UserCenter.Application\Lpb.UserCenter.Application.csproj", "{E430E634-4FEB-4F3A-8567-20F03D354264}"
EndProject
Project("{2150E333-8FDC-42A3-9474-1A3956D46DE8}") = "Lpb.WebPortal8000", "Lpb.WebPortal8000", "{3182914D-8E58-4D54-A047-5F2120944EE5}"
EndProject
Project("{9A19103F-16F7-4668-BE54-9A1E7A4F7556}") = "Lpb.WebPortal.Core", "Lpb.WebPortal\Lpb.WebPortal.Core\Lpb.WebPortal.Core.csproj", "{FAD5CE9C-E903-482B-9220-B1F45E9D36E9}"
EndProject
Project("{9A19103F-16F7-4668-BE54-9A1E7A4F7556}") = "Lpb.WebPortal.EntityFrameworkCore", "Lpb.WebPortal\Lpb.WebPortal.EntityFrameworkCore\Lpb.WebPortal.EntityFrameworkCore.csproj", "{017E5153-5193-46BB-812C-5C405253C750}"
EndProject
Project("{9A19103F-16F7-4668-BE54-9A1E7A4F7556}") = "Lpb.WebPortal.Application", "Lpb.WebPortal\Lpb.WebPortal.Application\Lpb.WebPortal.Application.csproj", "{8CEB1879-A4CD-448E-BC16-3E7326C1B3BD}"
EndProject
Project("{9A19103F-16F7-4668-BE54-9A1E7A4F7556}") = "Lpb.WebPortal.Migrator", "Lpb.WebPortal\Lpb.WebPortal.Migrator\Lpb.WebPortal.Migrator.csproj", "{D4D59E88-0EA4-4807-93C1-8671C4772FC1}"
EndProject
Project("{9A19103F-16F7-4668-BE54-9A1E7A4F7556}") = "Lpb.WebPortal.Web.Core", "Lpb.WebPortal\Lpb.WebPortal.Web.Core\Lpb.WebPortal.Web.Core.csproj", "{38F752EE-95C1-4F0C-9EF8-97FE341619FA}"
EndProject
Project("{9A19103F-16F7-4668-BE54-9A1E7A4F7556}") = "Lpb.WebPortal.Web.Host", "Lpb.WebPortal\Lpb.WebPortal.Web.Host\Lpb.WebPortal.Web.Host.csproj", "{E474ABA7-C3DE-4943-82B0-84833A0E1E43}"
EndProject
Project("{9A19103F-16F7-4668-BE54-9A1E7A4F7556}") = "CapRabbitMQ", "Lpb.Framework\CapRabbitMQ\CapRabbitMQ.csproj", "{CC9A5F31-61E2-4BC8-8016-2B92F86ED83D}"
EndProject
Project("{9A19103F-16F7-4668-BE54-9A1E7A4F7556}") = "Lpb.Dto", "Lpb.Framework\Lpb.Dto\Lpb.Dto.csproj", "{A5566E67-17CF-4394-BFE1-FDF4A3F0FAB1}"
EndProject
Project("{9A19103F-16F7-4668-BE54-9A1E7A4F7556}") = "Lpb.Enumeration", "Lpb.Framework\Lpb.Enumeration\Lpb.Enumeration.csproj", "{3EF411AC-A011-40D9-B87E-FD4EE1CBC73F}"
EndProject
Project("{9A19103F-16F7-4668-BE54-9A1E7A4F7556}") = "Lpb.Extend", "Lpb.Framework\Lpb.Extend\Lpb.Extend.csproj", "{ADDEE881-2EB6-4E40-B2ED-F48D0E17059C}"
EndProject
Project("{9A19103F-16F7-4668-BE54-9A1E7A4F7556}") = "UseConsul", "Lpb.Framework\UseConsul\UseConsul.csproj", "{58D02506-1401-4329-A427-2BE15B4A8C07}"
EndProject
Project("{9A19103F-16F7-4668-BE54-9A1E7A4F7556}") = "Lpb.RedisKey", "Lpb.Framework\Lpb.RedisKey\Lpb.RedisKey.csproj", "{9B611984-C651-4ACB-A5FD-1710143675DF}"
EndProject
Project("{9A19103F-16F7-4668-BE54-9A1E7A4F7556}") = "TokenCheck", "Lpb.Framework\TokenCheck\TokenCheck.csproj", "{053F8D3D-E4B3-4D80-9C26-F7B258EF9DE0}"
EndProject
Global
	GlobalSection(SolutionConfigurationPlatforms) = preSolution
		Debug|Any CPU = Debug|Any CPU
		Release|Any CPU = Release|Any CPU
	EndGlobalSection
	GlobalSection(ProjectConfigurationPlatforms) = postSolution
		{2FA54AF6-77C7-4FDE-9BD1-0E8A25E7C396}.Debug|Any CPU.ActiveCfg = Debug|Any CPU
		{2FA54AF6-77C7-4FDE-9BD1-0E8A25E7C396}.Debug|Any CPU.Build.0 = Debug|Any CPU
		{2FA54AF6-77C7-4FDE-9BD1-0E8A25E7C396}.Release|Any CPU.ActiveCfg = Release|Any CPU
		{2FA54AF6-77C7-4FDE-9BD1-0E8A25E7C396}.Release|Any CPU.Build.0 = Release|Any CPU
		{4D3E201B-FF6E-42F1-BAA4-5F5AB480EF9A}.Debug|Any CPU.ActiveCfg = Debug|Any CPU
		{4D3E201B-FF6E-42F1-BAA4-5F5AB480EF9A}.Debug|Any CPU.Build.0 = Debug|Any CPU
		{4D3E201B-FF6E-42F1-BAA4-5F5AB480EF9A}.Release|Any CPU.ActiveCfg = Release|Any CPU
		{4D3E201B-FF6E-42F1-BAA4-5F5AB480EF9A}.Release|Any CPU.Build.0 = Release|Any CPU
		{5AC0B973-D128-47DD-925C-EBD96FA0CBDB}.Debug|Any CPU.ActiveCfg = Debug|Any CPU
		{5AC0B973-D128-47DD-925C-EBD96FA0CBDB}.Debug|Any CPU.Build.0 = Debug|Any CPU
		{5AC0B973-D128-47DD-925C-EBD96FA0CBDB}.Release|Any CPU.ActiveCfg = Release|Any CPU
		{5AC0B973-D128-47DD-925C-EBD96FA0CBDB}.Release|Any CPU.Build.0 = Release|Any CPU
		{AA5FC528-8591-499B-8353-20CBAE6B2C23}.Debug|Any CPU.ActiveCfg = Debug|Any CPU
		{AA5FC528-8591-499B-8353-20CBAE6B2C23}.Debug|Any CPU.Build.0 = Debug|Any CPU
		{AA5FC528-8591-499B-8353-20CBAE6B2C23}.Release|Any CPU.ActiveCfg = Release|Any CPU
		{AA5FC528-8591-499B-8353-20CBAE6B2C23}.Release|Any CPU.Build.0 = Release|Any CPU
		{5753876D-A657-4764-8F85-6AB9DC8CFD58}.Debug|Any CPU.ActiveCfg = Debug|Any CPU
		{5753876D-A657-4764-8F85-6AB9DC8CFD58}.Debug|Any CPU.Build.0 = Debug|Any CPU
		{5753876D-A657-4764-8F85-6AB9DC8CFD58}.Release|Any CPU.ActiveCfg = Release|Any CPU
		{5753876D-A657-4764-8F85-6AB9DC8CFD58}.Release|Any CPU.Build.0 = Release|Any CPU
		{82013C79-4D30-4469-9FD1-6792DC652340}.Debug|Any CPU.ActiveCfg = Debug|Any CPU
		{82013C79-4D30-4469-9FD1-6792DC652340}.Debug|Any CPU.Build.0 = Debug|Any CPU
		{82013C79-4D30-4469-9FD1-6792DC652340}.Release|Any CPU.ActiveCfg = Release|Any CPU
		{82013C79-4D30-4469-9FD1-6792DC652340}.Release|Any CPU.Build.0 = Release|Any CPU
		{0868CFFE-371A-48B1-B7D0-680B7C318D54}.Debug|Any CPU.ActiveCfg = Debug|Any CPU
		{0868CFFE-371A-48B1-B7D0-680B7C318D54}.Debug|Any CPU.Build.0 = Debug|Any CPU
		{0868CFFE-371A-48B1-B7D0-680B7C318D54}.Release|Any CPU.ActiveCfg = Release|Any CPU
		{0868CFFE-371A-48B1-B7D0-680B7C318D54}.Release|Any CPU.Build.0 = Release|Any CPU
		{94C75579-7331-4D84-BF6D-600BBCBC0D66}.Debug|Any CPU.ActiveCfg = Debug|Any CPU
		{94C75579-7331-4D84-BF6D-600BBCBC0D66}.Debug|Any CPU.Build.0 = Debug|Any CPU
		{94C75579-7331-4D84-BF6D-600BBCBC0D66}.Release|Any CPU.ActiveCfg = Release|Any CPU
		{94C75579-7331-4D84-BF6D-600BBCBC0D66}.Release|Any CPU.Build.0 = Release|Any CPU
		{859695BC-DE7D-486F-BAC5-350925F45768}.Debug|Any CPU.ActiveCfg = Debug|Any CPU
		{859695BC-DE7D-486F-BAC5-350925F45768}.Debug|Any CPU.Build.0 = Debug|Any CPU
		{859695BC-DE7D-486F-BAC5-350925F45768}.Release|Any CPU.ActiveCfg = Release|Any CPU
		{859695BC-DE7D-486F-BAC5-350925F45768}.Release|Any CPU.Build.0 = Release|Any CPU
		{4E4508F7-9D26-4957-BA38-18291C265952}.Debug|Any CPU.ActiveCfg = Debug|Any CPU
		{4E4508F7-9D26-4957-BA38-18291C265952}.Debug|Any CPU.Build.0 = Debug|Any CPU
		{4E4508F7-9D26-4957-BA38-18291C265952}.Release|Any CPU.ActiveCfg = Release|Any CPU
		{4E4508F7-9D26-4957-BA38-18291C265952}.Release|Any CPU.Build.0 = Release|Any CPU
		{BF54E725-4786-4251-BD57-CE9CEFC05E03}.Debug|Any CPU.ActiveCfg = Debug|Any CPU
		{BF54E725-4786-4251-BD57-CE9CEFC05E03}.Debug|Any CPU.Build.0 = Debug|Any CPU
		{BF54E725-4786-4251-BD57-CE9CEFC05E03}.Release|Any CPU.ActiveCfg = Release|Any CPU
		{BF54E725-4786-4251-BD57-CE9CEFC05E03}.Release|Any CPU.Build.0 = Release|Any CPU
		{39D5F963-E7E9-4B22-BC06-5EE390B3493A}.Debug|Any CPU.ActiveCfg = Debug|Any CPU
		{39D5F963-E7E9-4B22-BC06-5EE390B3493A}.Debug|Any CPU.Build.0 = Debug|Any CPU
		{39D5F963-E7E9-4B22-BC06-5EE390B3493A}.Release|Any CPU.ActiveCfg = Release|Any CPU
		{39D5F963-E7E9-4B22-BC06-5EE390B3493A}.Release|Any CPU.Build.0 = Release|Any CPU
		{882D6C37-BAB1-4DEC-BEFA-CABF33020858}.Debug|Any CPU.ActiveCfg = Debug|Any CPU
		{882D6C37-BAB1-4DEC-BEFA-CABF33020858}.Debug|Any CPU.Build.0 = Debug|Any CPU
		{882D6C37-BAB1-4DEC-BEFA-CABF33020858}.Release|Any CPU.ActiveCfg = Release|Any CPU
		{882D6C37-BAB1-4DEC-BEFA-CABF33020858}.Release|Any CPU.Build.0 = Release|Any CPU
		{99767593-4689-4F84-9222-247D56EA3F11}.Debug|Any CPU.ActiveCfg = Debug|Any CPU
		{99767593-4689-4F84-9222-247D56EA3F11}.Debug|Any CPU.Build.0 = Debug|Any CPU
		{99767593-4689-4F84-9222-247D56EA3F11}.Release|Any CPU.ActiveCfg = Release|Any CPU
		{99767593-4689-4F84-9222-247D56EA3F11}.Release|Any CPU.Build.0 = Release|Any CPU
		{5003D988-3CE8-4B93-A754-F8139ADCA576}.Debug|Any CPU.ActiveCfg = Debug|Any CPU
		{5003D988-3CE8-4B93-A754-F8139ADCA576}.Debug|Any CPU.Build.0 = Debug|Any CPU
		{5003D988-3CE8-4B93-A754-F8139ADCA576}.Release|Any CPU.ActiveCfg = Release|Any CPU
		{5003D988-3CE8-4B93-A754-F8139ADCA576}.Release|Any CPU.Build.0 = Release|Any CPU
		{E430E634-4FEB-4F3A-8567-20F03D354264}.Debug|Any CPU.ActiveCfg = Debug|Any CPU
		{E430E634-4FEB-4F3A-8567-20F03D354264}.Debug|Any CPU.Build.0 = Debug|Any CPU
		{E430E634-4FEB-4F3A-8567-20F03D354264}.Release|Any CPU.ActiveCfg = Release|Any CPU
		{E430E634-4FEB-4F3A-8567-20F03D354264}.Release|Any CPU.Build.0 = Release|Any CPU
		{FAD5CE9C-E903-482B-9220-B1F45E9D36E9}.Debug|Any CPU.ActiveCfg = Debug|Any CPU
		{FAD5CE9C-E903-482B-9220-B1F45E9D36E9}.Debug|Any CPU.Build.0 = Debug|Any CPU
		{FAD5CE9C-E903-482B-9220-B1F45E9D36E9}.Release|Any CPU.ActiveCfg = Release|Any CPU
		{FAD5CE9C-E903-482B-9220-B1F45E9D36E9}.Release|Any CPU.Build.0 = Release|Any CPU
		{017E5153-5193-46BB-812C-5C405253C750}.Debug|Any CPU.ActiveCfg = Debug|Any CPU
		{017E5153-5193-46BB-812C-5C405253C750}.Debug|Any CPU.Build.0 = Debug|Any CPU
		{017E5153-5193-46BB-812C-5C405253C750}.Release|Any CPU.ActiveCfg = Release|Any CPU
		{017E5153-5193-46BB-812C-5C405253C750}.Release|Any CPU.Build.0 = Release|Any CPU
		{8CEB1879-A4CD-448E-BC16-3E7326C1B3BD}.Debug|Any CPU.ActiveCfg = Debug|Any CPU
		{8CEB1879-A4CD-448E-BC16-3E7326C1B3BD}.Debug|Any CPU.Build.0 = Debug|Any CPU
		{8CEB1879-A4CD-448E-BC16-3E7326C1B3BD}.Release|Any CPU.ActiveCfg = Release|Any CPU
		{8CEB1879-A4CD-448E-BC16-3E7326C1B3BD}.Release|Any CPU.Build.0 = Release|Any CPU
		{D4D59E88-0EA4-4807-93C1-8671C4772FC1}.Debug|Any CPU.ActiveCfg = Debug|Any CPU
		{D4D59E88-0EA4-4807-93C1-8671C4772FC1}.Debug|Any CPU.Build.0 = Debug|Any CPU
		{D4D59E88-0EA4-4807-93C1-8671C4772FC1}.Release|Any CPU.ActiveCfg = Release|Any CPU
		{D4D59E88-0EA4-4807-93C1-8671C4772FC1}.Release|Any CPU.Build.0 = Release|Any CPU
		{38F752EE-95C1-4F0C-9EF8-97FE341619FA}.Debug|Any CPU.ActiveCfg = Debug|Any CPU
		{38F752EE-95C1-4F0C-9EF8-97FE341619FA}.Debug|Any CPU.Build.0 = Debug|Any CPU
		{38F752EE-95C1-4F0C-9EF8-97FE341619FA}.Release|Any CPU.ActiveCfg = Release|Any CPU
		{38F752EE-95C1-4F0C-9EF8-97FE341619FA}.Release|Any CPU.Build.0 = Release|Any CPU
		{E474ABA7-C3DE-4943-82B0-84833A0E1E43}.Debug|Any CPU.ActiveCfg = Debug|Any CPU
		{E474ABA7-C3DE-4943-82B0-84833A0E1E43}.Debug|Any CPU.Build.0 = Debug|Any CPU
		{E474ABA7-C3DE-4943-82B0-84833A0E1E43}.Release|Any CPU.ActiveCfg = Release|Any CPU
		{E474ABA7-C3DE-4943-82B0-84833A0E1E43}.Release|Any CPU.Build.0 = Release|Any CPU
		{CC9A5F31-61E2-4BC8-8016-2B92F86ED83D}.Debug|Any CPU.ActiveCfg = Debug|Any CPU
		{CC9A5F31-61E2-4BC8-8016-2B92F86ED83D}.Debug|Any CPU.Build.0 = Debug|Any CPU
		{CC9A5F31-61E2-4BC8-8016-2B92F86ED83D}.Release|Any CPU.ActiveCfg = Release|Any CPU
		{CC9A5F31-61E2-4BC8-8016-2B92F86ED83D}.Release|Any CPU.Build.0 = Release|Any CPU
		{A5566E67-17CF-4394-BFE1-FDF4A3F0FAB1}.Debug|Any CPU.ActiveCfg = Debug|Any CPU
		{A5566E67-17CF-4394-BFE1-FDF4A3F0FAB1}.Debug|Any CPU.Build.0 = Debug|Any CPU
		{A5566E67-17CF-4394-BFE1-FDF4A3F0FAB1}.Release|Any CPU.ActiveCfg = Release|Any CPU
		{A5566E67-17CF-4394-BFE1-FDF4A3F0FAB1}.Release|Any CPU.Build.0 = Release|Any CPU
		{3EF411AC-A011-40D9-B87E-FD4EE1CBC73F}.Debug|Any CPU.ActiveCfg = Debug|Any CPU
		{3EF411AC-A011-40D9-B87E-FD4EE1CBC73F}.Debug|Any CPU.Build.0 = Debug|Any CPU
		{3EF411AC-A011-40D9-B87E-FD4EE1CBC73F}.Release|Any CPU.ActiveCfg = Release|Any CPU
		{3EF411AC-A011-40D9-B87E-FD4EE1CBC73F}.Release|Any CPU.Build.0 = Release|Any CPU
		{ADDEE881-2EB6-4E40-B2ED-F48D0E17059C}.Debug|Any CPU.ActiveCfg = Debug|Any CPU
		{ADDEE881-2EB6-4E40-B2ED-F48D0E17059C}.Debug|Any CPU.Build.0 = Debug|Any CPU
		{ADDEE881-2EB6-4E40-B2ED-F48D0E17059C}.Release|Any CPU.ActiveCfg = Release|Any CPU
		{ADDEE881-2EB6-4E40-B2ED-F48D0E17059C}.Release|Any CPU.Build.0 = Release|Any CPU
		{58D02506-1401-4329-A427-2BE15B4A8C07}.Debug|Any CPU.ActiveCfg = Debug|Any CPU
		{58D02506-1401-4329-A427-2BE15B4A8C07}.Debug|Any CPU.Build.0 = Debug|Any CPU
		{58D02506-1401-4329-A427-2BE15B4A8C07}.Release|Any CPU.ActiveCfg = Release|Any CPU
		{58D02506-1401-4329-A427-2BE15B4A8C07}.Release|Any CPU.Build.0 = Release|Any CPU
		{9B611984-C651-4ACB-A5FD-1710143675DF}.Debug|Any CPU.ActiveCfg = Debug|Any CPU
		{9B611984-C651-4ACB-A5FD-1710143675DF}.Debug|Any CPU.Build.0 = Debug|Any CPU
		{9B611984-C651-4ACB-A5FD-1710143675DF}.Release|Any CPU.ActiveCfg = Release|Any CPU
		{9B611984-C651-4ACB-A5FD-1710143675DF}.Release|Any CPU.Build.0 = Release|Any CPU
		{053F8D3D-E4B3-4D80-9C26-F7B258EF9DE0}.Debug|Any CPU.ActiveCfg = Debug|Any CPU
		{053F8D3D-E4B3-4D80-9C26-F7B258EF9DE0}.Debug|Any CPU.Build.0 = Debug|Any CPU
		{053F8D3D-E4B3-4D80-9C26-F7B258EF9DE0}.Release|Any CPU.ActiveCfg = Release|Any CPU
		{053F8D3D-E4B3-4D80-9C26-F7B258EF9DE0}.Release|Any CPU.Build.0 = Release|Any CPU
	EndGlobalSection
	GlobalSection(SolutionProperties) = preSolution
		HideSolutionNode = FALSE
	EndGlobalSection
	GlobalSection(NestedProjects) = preSolution
		{2FA54AF6-77C7-4FDE-9BD1-0E8A25E7C396} = {928835A4-1FE9-4246-A81A-37569AA9CE40}
		{4D3E201B-FF6E-42F1-BAA4-5F5AB480EF9A} = {DA524B23-253E-4D17-BF51-B51604BFA39B}
		{5AC0B973-D128-47DD-925C-EBD96FA0CBDB} = {DA076EB3-9D8F-4A88-91D6-F27FDD026804}
		{AA5FC528-8591-499B-8353-20CBAE6B2C23} = {DA076EB3-9D8F-4A88-91D6-F27FDD026804}
		{5753876D-A657-4764-8F85-6AB9DC8CFD58} = {D362C5F4-1AF5-460C-B975-8D3B157D01E1}
		{82013C79-4D30-4469-9FD1-6792DC652340} = {D362C5F4-1AF5-460C-B975-8D3B157D01E1}
		{0868CFFE-371A-48B1-B7D0-680B7C318D54} = {D362C5F4-1AF5-460C-B975-8D3B157D01E1}
		{94C75579-7331-4D84-BF6D-600BBCBC0D66} = {D362C5F4-1AF5-460C-B975-8D3B157D01E1}
		{859695BC-DE7D-486F-BAC5-350925F45768} = {CA6448B9-CF24-4BDF-A3B2-5661BCB969F6}
		{4E4508F7-9D26-4957-BA38-18291C265952} = {CA6448B9-CF24-4BDF-A3B2-5661BCB969F6}
		{BF54E725-4786-4251-BD57-CE9CEFC05E03} = {CA6448B9-CF24-4BDF-A3B2-5661BCB969F6}
		{39D5F963-E7E9-4B22-BC06-5EE390B3493A} = {CA6448B9-CF24-4BDF-A3B2-5661BCB969F6}
		{882D6C37-BAB1-4DEC-BEFA-CABF33020858} = {EC1FAB6A-49C5-4E96-9FBE-1DD5346E4F53}
		{99767593-4689-4F84-9222-247D56EA3F11} = {EC1FAB6A-49C5-4E96-9FBE-1DD5346E4F53}
		{5003D988-3CE8-4B93-A754-F8139ADCA576} = {EC1FAB6A-49C5-4E96-9FBE-1DD5346E4F53}
		{E430E634-4FEB-4F3A-8567-20F03D354264} = {EC1FAB6A-49C5-4E96-9FBE-1DD5346E4F53}
		{FAD5CE9C-E903-482B-9220-B1F45E9D36E9} = {3182914D-8E58-4D54-A047-5F2120944EE5}
		{017E5153-5193-46BB-812C-5C405253C750} = {3182914D-8E58-4D54-A047-5F2120944EE5}
		{8CEB1879-A4CD-448E-BC16-3E7326C1B3BD} = {3182914D-8E58-4D54-A047-5F2120944EE5}
		{D4D59E88-0EA4-4807-93C1-8671C4772FC1} = {3182914D-8E58-4D54-A047-5F2120944EE5}
		{38F752EE-95C1-4F0C-9EF8-97FE341619FA} = {3182914D-8E58-4D54-A047-5F2120944EE5}
		{E474ABA7-C3DE-4943-82B0-84833A0E1E43} = {3182914D-8E58-4D54-A047-5F2120944EE5}
		{CC9A5F31-61E2-4BC8-8016-2B92F86ED83D} = {DA076EB3-9D8F-4A88-91D6-F27FDD026804}
		{A5566E67-17CF-4394-BFE1-FDF4A3F0FAB1} = {DA076EB3-9D8F-4A88-91D6-F27FDD026804}
		{3EF411AC-A011-40D9-B87E-FD4EE1CBC73F} = {DA076EB3-9D8F-4A88-91D6-F27FDD026804}
		{ADDEE881-2EB6-4E40-B2ED-F48D0E17059C} = {DA076EB3-9D8F-4A88-91D6-F27FDD026804}
		{58D02506-1401-4329-A427-2BE15B4A8C07} = {DA076EB3-9D8F-4A88-91D6-F27FDD026804}
		{9B611984-C651-4ACB-A5FD-1710143675DF} = {DA076EB3-9D8F-4A88-91D6-F27FDD026804}
		{053F8D3D-E4B3-4D80-9C26-F7B258EF9DE0} = {DA076EB3-9D8F-4A88-91D6-F27FDD026804}
	EndGlobalSection
	GlobalSection(ExtensibilityGlobals) = postSolution
		SolutionGuid = {EE1CC3B0-7937-466A-BC43-576DC63FC93E}
	EndGlobalSection
EndGlobal
